
Microsoft Visual Studio Solution File, Format Version 12.00
# Visual Studio Version 16
VisualStudioVersion = 16.0.30907.101
MinimumVisualStudioVersion = 10.0.40219.1
Project("{2150E333-8FDC-42A3-9474-1A3956D46DE8}") = "src", "src", "{584BF848-D056-46D6-A37C-CFAE00EBA64F}"
EndProject
Project("{2150E333-8FDC-42A3-9474-1A3956D46DE8}") = "API", "API", "{73846D51-76D9-4448-AF75-2AEAD82CBA41}"
EndProject
Project("{2150E333-8FDC-42A3-9474-1A3956D46DE8}") = "Infrastructure", "Infrastructure", "{47451641-3118-4F1A-9DC7-A482CA9BB79F}"
EndProject
Project("{2150E333-8FDC-42A3-9474-1A3956D46DE8}") = "Core", "Core", "{552E0D8A-FDA1-4B6E-969D-162DB2676B81}"
EndProject
Project("{2150E333-8FDC-42A3-9474-1A3956D46DE8}") = "Application", "Application", "{42AA245E-EFBA-4D6B-A21E-10A8B50ACEBD}"
EndProject
Project("{2150E333-8FDC-42A3-9474-1A3956D46DE8}") = "Presentation", "Presentation", "{58467964-A9CC-4571-A4BA-C2A09B74925E}"
EndProject
Project("{9A19103F-16F7-4668-BE54-9A1E7A4F7556}") = "Sidus.DotNet.Core", "Sidus.DotNet.Core\Sidus.DotNet.Core.csproj", "{476EC57E-8BD0-4FA1-A38F-8D679A97FB76}"
EndProject
Project("{9A19103F-16F7-4668-BE54-9A1E7A4F7556}") = "Sidus.DotNet.Infrastructure", "Sidus.DotNet.Infrastructure\Sidus.DotNet.Infrastructure.csproj", "{D58265CD-5587-402C-AA1A-893EDE9BFFC3}"
EndProject
Project("{9A19103F-16F7-4668-BE54-9A1E7A4F7556}") = "Sidus.DotNet.Application", "Sidus.DotNet.Application\Sidus.DotNet.Application.csproj", "{1B087067-A1BE-42F3-B8DC-B66C4ABFBA75}"
EndProject
Project("{9A19103F-16F7-4668-BE54-9A1E7A4F7556}") = "Sidus.DotNet.API", "Sidus.DotNet.API\Sidus.DotNet.API.csproj", "{14C39657-CC6B-44A3-AF66-00E26796E93B}"
EndProject
Project("{2150E333-8FDC-42A3-9474-1A3956D46DE8}") = "Framework", "Framework", "{62D20CBF-B9CD-4AC2-9BD9-F0A08041D231}"
EndProject
Project("{FAE04EC0-301F-11D3-BF4B-00C04F79EFBC}") = "Sidus.DotNetFramework.Base", "Sidus.DotNetFramework.Base\Sidus.DotNetFramework.Base.csproj", "{6E3F628A-FE38-40F5-87B7-379AD5AE2915}"
EndProject
Global
	GlobalSection(SolutionConfigurationPlatforms) = preSolution
		Debug|Any CPU = Debug|Any CPU
		Release|Any CPU = Release|Any CPU
	EndGlobalSection
	GlobalSection(ProjectConfigurationPlatforms) = postSolution
		{476EC57E-8BD0-4FA1-A38F-8D679A97FB76}.Debug|Any CPU.ActiveCfg = Debug|Any CPU
		{476EC57E-8BD0-4FA1-A38F-8D679A97FB76}.Debug|Any CPU.Build.0 = Debug|Any CPU
		{476EC57E-8BD0-4FA1-A38F-8D679A97FB76}.Release|Any CPU.ActiveCfg = Release|Any CPU
		{476EC57E-8BD0-4FA1-A38F-8D679A97FB76}.Release|Any CPU.Build.0 = Release|Any CPU
		{D58265CD-5587-402C-AA1A-893EDE9BFFC3}.Debug|Any CPU.ActiveCfg = Debug|Any CPU
		{D58265CD-5587-402C-AA1A-893EDE9BFFC3}.Debug|Any CPU.Build.0 = Debug|Any CPU
		{D58265CD-5587-402C-AA1A-893EDE9BFFC3}.Release|Any CPU.ActiveCfg = Release|Any CPU
		{D58265CD-5587-402C-AA1A-893EDE9BFFC3}.Release|Any CPU.Build.0 = Release|Any CPU
		{1B087067-A1BE-42F3-B8DC-B66C4ABFBA75}.Debug|Any CPU.ActiveCfg = Debug|Any CPU
		{1B087067-A1BE-42F3-B8DC-B66C4ABFBA75}.Debug|Any CPU.Build.0 = Debug|Any CPU
		{1B087067-A1BE-42F3-B8DC-B66C4ABFBA75}.Release|Any CPU.ActiveCfg = Release|Any CPU
		{1B087067-A1BE-42F3-B8DC-B66C4ABFBA75}.Release|Any CPU.Build.0 = Release|Any CPU
		{14C39657-CC6B-44A3-AF66-00E26796E93B}.Debug|Any CPU.ActiveCfg = Debug|Any CPU
		{14C39657-CC6B-44A3-AF66-00E26796E93B}.Debug|Any CPU.Build.0 = Debug|Any CPU
		{14C39657-CC6B-44A3-AF66-00E26796E93B}.Release|Any CPU.ActiveCfg = Release|Any CPU
		{14C39657-CC6B-44A3-AF66-00E26796E93B}.Release|Any CPU.Build.0 = Release|Any CPU
		{6E3F628A-FE38-40F5-87B7-379AD5AE2915}.Debug|Any CPU.ActiveCfg = Debug|Any CPU
		{6E3F628A-FE38-40F5-87B7-379AD5AE2915}.Debug|Any CPU.Build.0 = Debug|Any CPU
		{6E3F628A-FE38-40F5-87B7-379AD5AE2915}.Release|Any CPU.ActiveCfg = Release|Any CPU
		{6E3F628A-FE38-40F5-87B7-379AD5AE2915}.Release|Any CPU.Build.0 = Release|Any CPU
	EndGlobalSection
	GlobalSection(SolutionProperties) = preSolution
		HideSolutionNode = FALSE
	EndGlobalSection
	GlobalSection(NestedProjects) = preSolution
		{73846D51-76D9-4448-AF75-2AEAD82CBA41} = {584BF848-D056-46D6-A37C-CFAE00EBA64F}
		{47451641-3118-4F1A-9DC7-A482CA9BB79F} = {584BF848-D056-46D6-A37C-CFAE00EBA64F}
		{552E0D8A-FDA1-4B6E-969D-162DB2676B81} = {584BF848-D056-46D6-A37C-CFAE00EBA64F}
		{42AA245E-EFBA-4D6B-A21E-10A8B50ACEBD} = {584BF848-D056-46D6-A37C-CFAE00EBA64F}
		{58467964-A9CC-4571-A4BA-C2A09B74925E} = {584BF848-D056-46D6-A37C-CFAE00EBA64F}
		{476EC57E-8BD0-4FA1-A38F-8D679A97FB76} = {552E0D8A-FDA1-4B6E-969D-162DB2676B81}
		{D58265CD-5587-402C-AA1A-893EDE9BFFC3} = {47451641-3118-4F1A-9DC7-A482CA9BB79F}
		{1B087067-A1BE-42F3-B8DC-B66C4ABFBA75} = {42AA245E-EFBA-4D6B-A21E-10A8B50ACEBD}
		{14C39657-CC6B-44A3-AF66-00E26796E93B} = {73846D51-76D9-4448-AF75-2AEAD82CBA41}
		{62D20CBF-B9CD-4AC2-9BD9-F0A08041D231} = {584BF848-D056-46D6-A37C-CFAE00EBA64F}
		{6E3F628A-FE38-40F5-87B7-379AD5AE2915} = {62D20CBF-B9CD-4AC2-9BD9-F0A08041D231}
	EndGlobalSection
	GlobalSection(ExtensibilityGlobals) = postSolution
		SolutionGuid = {6D25C30A-0B2C-44EE-AF38-275AF56E4C1A}
	EndGlobalSection
EndGlobal
